Microsoft Visual Studio Solution File, Format Version 12.00
# Visual Studio Version 17
VisualStudioVersion = 17.5.2.0
MinimumVisualStudioVersion = 10.0.40219.1
Project("{FAE04EC0-301F-11D3-BF4B-00C04F79EFBC}") = "ScaleSimulator", "ScaleSimulator\ScaleSimulator.csproj", "{DAA39094-22BD-2F8F-409D-9614E41C712A}"
EndProject
Global
	GlobalSection(SolutionConfigurationPlatforms) = preSolution
		Debug|Any CPU = Debug|Any CPU
		Release|Any CPU = Release|Any CPU
	EndGlobalSection
	GlobalSection(ProjectConfigurationPlatforms) = postSolution
		{DAA39094-22BD-2F8F-409D-9614E41C712A}.Debug|Any CPU.ActiveCfg = Debug|Any CPU
		{DAA39094-22BD-2F8F-409D-9614E41C712A}.Debug|Any CPU.Build.0 = Debug|Any CPU
		{DAA39094-22BD-2F8F-409D-9614E41C712A}.Release|Any CPU.ActiveCfg = Release|Any CPU
		{DAA39094-22BD-2F8F-409D-9614E41C712A}.Release|Any CPU.Build.0 = Release|Any CPU
	EndGlobalSection
	GlobalSection(SolutionProperties) = preSolution
		HideSolutionNode = FALSE
	EndGlobalSection
	GlobalSection(ExtensibilityGlobals) = postSolution
		SolutionGuid = {0FD3F16A-8B04-4300-800A-4930884A2B6E}
	EndGlobalSection
EndGlobal
